
Microsoft Visual Studio Solution File, Format Version 12.00
# Visual Studio 15
VisualStudioVersion = 15.0.28307.902
MinimumVisualStudioVersion = 10.0.40219.1
Project("{FAE04EC0-301F-11D3-BF4B-00C04F79EFBC}") = "NetPortfolio", "NetPortfolio\NetPortfolio.csproj", "{7A36C730-553F-4D6E-A3E5-FD2950ADA5ED}"
EndProject
Global
	GlobalSection(SolutionConfigurationPlatforms) = preSolution
		Debug|Any CPU = Debug|Any CPU
		Release|Any CPU = Release|Any CPU
	EndGlobalSection
	GlobalSection(ProjectConfigurationPlatforms) = postSolution
		{7A36C730-553F-4D6E-A3E5-FD2950ADA5ED}.Debug|Any CPU.ActiveCfg = Debug|Any CPU
		{7A36C730-553F-4D6E-A3E5-FD2950ADA5ED}.Debug|Any CPU.Build.0 = Debug|Any CPU
		{7A36C730-553F-4D6E-A3E5-FD2950ADA5ED}.Release|Any CPU.ActiveCfg = Release|Any CPU
		{7A36C730-553F-4D6E-A3E5-FD2950ADA5ED}.Release|Any CPU.Build.0 = Release|Any CPU
	EndGlobalSection
	GlobalSection(SolutionProperties) = preSolution
		HideSolutionNode = FALSE
	EndGlobalSection
	GlobalSection(ExtensibilityGlobals) = postSolution
		SolutionGuid = {10218C08-2BE3-426D-B37C-003C5736037E}
	EndGlobalSection
EndGlobal
